
Microsoft Visual Studio Solution File, Format Version 12.00
# Visual Studio Version 17
VisualStudioVersion = 17.9.34723.18
MinimumVisualStudioVersion = 10.0.40219.1
Project("{8BC9CEB8-8B4A-11D0-8D11-00A0C91BC942}") = "insertion sort", "insertion sort\insertion sort.vcxproj", "{D078E8F1-4048-4EE1-89B9-21E54B069C62}"
EndProject
Project("{8BC9CEB8-8B4A-11D0-8D11-00A0C91BC942}") = "Project2", "Project2\Project2.vcxproj", "{82A1F118-4CDD-4E14-9AD6-BC87EA4210B5}"
EndProject
Global
	GlobalSection(SolutionConfigurationPlatforms) = preSolution
		Debug|x64 = Debug|x64
		Debug|x86 = Debug|x86
		Release|x64 = Release|x64
		Release|x86 = Release|x86
	EndGlobalSection
	GlobalSection(ProjectConfigurationPlatforms) = postSolution
		{D078E8F1-4048-4EE1-89B9-21E54B069C62}.Debug|x64.ActiveCfg = Debug|x64
		{D078E8F1-4048-4EE1-89B9-21E54B069C62}.Debug|x64.Build.0 = Debug|x64
		{D078E8F1-4048-4EE1-89B9-21E54B069C62}.Debug|x86.ActiveCfg = Debug|Win32
		{D078E8F1-4048-4EE1-89B9-21E54B069C62}.Debug|x86.Build.0 = Debug|Win32
		{D078E8F1-4048-4EE1-89B9-21E54B069C62}.Release|x64.ActiveCfg = Release|x64
		{D078E8F1-4048-4EE1-89B9-21E54B069C62}.Release|x64.Build.0 = Release|x64
		{D078E8F1-4048-4EE1-89B9-21E54B069C62}.Release|x86.ActiveCfg = Release|Win32
		{D078E8F1-4048-4EE1-89B9-21E54B069C62}.Release|x86.Build.0 = Release|Win32
		{82A1F118-4CDD-4E14-9AD6-BC87EA4210B5}.Debug|x64.ActiveCfg = Debug|x64
		{82A1F118-4CDD-4E14-9AD6-BC87EA4210B5}.Debug|x64.Build.0 = Debug|x64
		{82A1F118-4CDD-4E14-9AD6-BC87EA4210B5}.Debug|x86.ActiveCfg = Debug|Win32
		{82A1F118-4CDD-4E14-9AD6-BC87EA4210B5}.Debug|x86.Build.0 = Debug|Win32
		{82A1F118-4CDD-4E14-9AD6-BC87EA4210B5}.Release|x64.ActiveCfg = Release|x64
		{82A1F118-4CDD-4E14-9AD6-BC87EA4210B5}.Release|x64.Build.0 = Release|x64
		{82A1F118-4CDD-4E14-9AD6-BC87EA4210B5}.Release|x86.ActiveCfg = Release|Win32
		{82A1F118-4CDD-4E14-9AD6-BC87EA4210B5}.Release|x86.Build.0 = Release|Win32
	EndGlobalSection
	GlobalSection(SolutionProperties) = preSolution
		HideSolutionNode = FALSE
	EndGlobalSection
	GlobalSection(ExtensibilityGlobals) = postSolution
		SolutionGuid = {E06A75B7-D6DC-452A-B9F9-11B60B1CEFF3}
	EndGlobalSection
EndGlobal
